
Microsoft Visual Studio Solution File, Format Version 12.00
# Visual Studio Version 17
VisualStudioVersion = 17.4.33213.308
MinimumVisualStudioVersion = 10.0.40219.1
Project("{9A19103F-16F7-4668-BE54-9A1E7A4F7556}") = "OmegaDateParser", "OmegaDateParser.csproj", "{2B8343FF-7C33-40C4-A949-3C3A54770954}"
EndProject
Global
	GlobalSection(SolutionConfigurationPlatforms) = preSolution
		Debug|Any CPU = Debug|Any CPU
		Release|Any CPU = Release|Any CPU
	EndGlobalSection
	GlobalSection(ProjectConfigurationPlatforms) = postSolution
		{2B8343FF-7C33-40C4-A949-3C3A54770954}.Debug|Any CPU.ActiveCfg = Debug|Any CPU
		{2B8343FF-7C33-40C4-A949-3C3A54770954}.Debug|Any CPU.Build.0 = Debug|Any CPU
		{2B8343FF-7C33-40C4-A949-3C3A54770954}.Release|Any CPU.ActiveCfg = Release|Any CPU
		{2B8343FF-7C33-40C4-A949-3C3A54770954}.Release|Any CPU.Build.0 = Release|Any CPU
	EndGlobalSection
	GlobalSection(SolutionProperties) = preSolution
		HideSolutionNode = FALSE
	EndGlobalSection
	GlobalSection(ExtensibilityGlobals) = postSolution
		SolutionGuid = {431FD34D-FBAD-4290-9F6B-CC427C44A597}
	EndGlobalSection
EndGlobal
